Microsoft Visual Studio Solution File, Format Version 11.00
# Visual Studio 2008

Project("{64393C27-84A6-57C0-8DA9-CD44ACCF8BE8}") = "GDD2Game3", "Assembly-CSharp.csproj", "{70CBA4CD-AB15-BB2D-0CAF-362BC29B2C7B}"
EndProject
Global
	GlobalSection(SolutionConfigurationPlatforms) = preSolution
		Debug|Any CPU = Debug|Any CPU
		Release|Any CPU = Release|Any CPU
	EndGlobalSection
	GlobalSection(ProjectConfigurationPlatforms) = postSolution
		{70CBA4CD-AB15-BB2D-0CAF-362BC29B2C7B}.Debug|Any CPU.ActiveCfg = Debug|Any CPU
		{70CBA4CD-AB15-BB2D-0CAF-362BC29B2C7B}.Debug|Any CPU.Build.0 = Debug|Any CPU
		{70CBA4CD-AB15-BB2D-0CAF-362BC29B2C7B}.Release|Any CPU.ActiveCfg = Release|Any CPU
		{70CBA4CD-AB15-BB2D-0CAF-362BC29B2C7B}.Release|Any CPU.Build.0 = Release|Any CPU
	EndGlobalSection
	GlobalSection(SolutionProperties) = preSolution
		HideSolutionNode = FALSE
	EndGlobalSection
	GlobalSection(MonoDevelopProperties) = preSolution
		StartupItem = Assembly-CSharp.csproj
	EndGlobalSection
EndGlobal
